
Microsoft Visual Studio Solution File, Format Version 12.00
# Visual Studio Version 16
VisualStudioVersion = 16.0.31105.61
MinimumVisualStudioVersion = 10.0.40219.1
Project("{FAE04EC0-301F-11D3-BF4B-00C04F79EFBC}") = "Tutorial5", "Tutorial5\Tutorial5.csproj", "{B1895F13-AD6A-4AF7-B95F-1458AC0746DE}"
EndProject
Global
	GlobalSection(SolutionConfigurationPlatforms) = preSolution
		Debug|Any CPU = Debug|Any CPU
		Release|Any CPU = Release|Any CPU
	EndGlobalSection
	GlobalSection(ProjectConfigurationPlatforms) = postSolution
		{B1895F13-AD6A-4AF7-B95F-1458AC0746DE}.Debug|Any CPU.ActiveCfg = Debug|Any CPU
		{B1895F13-AD6A-4AF7-B95F-1458AC0746DE}.Debug|Any CPU.Build.0 = Debug|Any CPU
		{B1895F13-AD6A-4AF7-B95F-1458AC0746DE}.Release|Any CPU.ActiveCfg = Release|Any CPU
		{B1895F13-AD6A-4AF7-B95F-1458AC0746DE}.Release|Any CPU.Build.0 = Release|Any CPU
	EndGlobalSection
	GlobalSection(SolutionProperties) = preSolution
		HideSolutionNode = FALSE
	EndGlobalSection
	GlobalSection(ExtensibilityGlobals) = postSolution
		SolutionGuid = {3A6451E5-2BD6-487F-9678-01D6AAD97F60}
	EndGlobalSection
EndGlobal
